
Microsoft Visual Studio Solution File, Format Version 12.00
# Visual Studio Version 16
VisualStudioVersion = 16.0.29215.179
MinimumVisualStudioVersion = 10.0.40219.1
Project("{FAE04EC0-301F-11D3-BF4B-00C04F79EFBC}") = "AspCoreAngular", "AspCoreAngular.csproj", "{8F7337C1-C4C9-4695-8D0E-C404AC706CB4}"
EndProject
Global
	GlobalSection(SolutionConfigurationPlatforms) = preSolution
		Debug|Any CPU = Debug|Any CPU
		Release|Any CPU = Release|Any CPU
	EndGlobalSection
	GlobalSection(ProjectConfigurationPlatforms) = postSolution
		{8F7337C1-C4C9-4695-8D0E-C404AC706CB4}.Debug|Any CPU.ActiveCfg = Debug|Any CPU
		{8F7337C1-C4C9-4695-8D0E-C404AC706CB4}.Debug|Any CPU.Build.0 = Debug|Any CPU
		{8F7337C1-C4C9-4695-8D0E-C404AC706CB4}.Release|Any CPU.ActiveCfg = Release|Any CPU
		{8F7337C1-C4C9-4695-8D0E-C404AC706CB4}.Release|Any CPU.Build.0 = Release|Any CPU
	EndGlobalSection
	GlobalSection(SolutionProperties) = preSolution
		HideSolutionNode = FALSE
	EndGlobalSection
	GlobalSection(ExtensibilityGlobals) = postSolution
		SolutionGuid = {D9794744-C640-4A78-B5F3-9651781A745D}
	EndGlobalSection
EndGlobal
